// !$*UTF8*$!
{
	archiveVersion = 1;
	classes = {
	};
	objectVersion = 50;
	objects = {

/* Begin PBXBuildFile section */
		9549818A2423DF9A009A2CC4 /* AppDelegate.swift in Sources */ = {isa = PBXBuildFile; fileRef = 954981892423DF9A009A2CC4 /* AppDelegate.swift */; };
		9549818C2423DF9A009A2CC4 /* SceneDelegate.swift in Sources */ = {isa = PBXBuildFile; fileRef = 9549818B2423DF9A009A2CC4 /* SceneDelegate.swift */; };
		9549818E2423DF9A009A2CC4 /* PaperDetectionViewController.swift in Sources */ = {isa = PBXBuildFile; fileRef = 9549818D2423DF9A009A2CC4 /* PaperDetectionViewController.swift */; };
		954981912423DF9A009A2CC4 /* PaperDetection.storyboard in Resources */ = {isa = PBXBuildFile; fileRef = 9549818F2423DF9A009A2CC4 /* PaperDetection.storyboard */; };
		954981932423DF9D009A2CC4 /* Assets.xcassets in Resources */ = {isa = PBXBuildFile; fileRef = 954981922423DF9D009A2CC4 /* Assets.xcassets */; };
		954981962423DF9D009A2CC4 /* LaunchScreen.storyboard in Resources */ = {isa = PBXBuildFile; fileRef = 954981942423DF9D009A2CC4 /* LaunchScreen.storyboard */; };
		F22CDC67CF8FA2EED0E9A2AE /* Pods_OpenCV_Demo.framework in Frameworks */ = {isa = PBXBuildFile; fileRef = CE5E5793A1E3A8388BBC4AAD /* Pods_OpenCV_Demo.framework */; };
/* End PBXBuildFile section */

/* Begin PBXFileReference section */
		058313D22E117058D5764818 /* Pods-OpenCV Demo.debug.xcconfig */ = {isa = PBXFileReference; includeInIndex = 1; lastKnownFileType = text.xcconfig; name = "Pods-OpenCV Demo.debug.xcconfig"; path = "Target Support Files/Pods-OpenCV Demo/Pods-OpenCV Demo.debug.xcconfig"; sourceTree = "<group>"; };
		954981862423DF9A009A2CC4 /* OpenCV Demo.app */ = {isa = PBXFileReference; explicitFileType = wrapper.application; includeInIndex = 0; path = "OpenCV Demo.app"; sourceTree = BUILT_PRODUCTS_DIR; };
		954981892423DF9A009A2CC4 /* AppDelegate.swift */ = {isa = PBXFileReference; lastKnownFileType = sourcecode.swift; path = AppDelegate.swift; sourceTree = "<group>"; };
		9549818B2423DF9A009A2CC4 /* SceneDelegate.swift */ = {isa = PBXFileReference; lastKnownFileType = sourcecode.swift; path = SceneDelegate.swift; sourceTree = "<group>"; };
		9549818D2423DF9A009A2CC4 /* PaperDetectionViewController.swift */ = {isa = PBXFileReference; lastKnownFileType = sourcecode.swift; path = PaperDetectionViewController.swift; sourceTree = "<group>"; };
		954981902423DF9A009A2CC4 /* Base */ = {isa = PBXFileReference; lastKnownFileType = file.storyboard; name = Base; path = Base.lproj/PaperDetection.storyboard; sourceTree = "<group>"; };
		954981922423DF9D009A2CC4 /* Assets.xcassets */ = {isa = PBXFileReference; lastKnownFileType = folder.assetcatalog; path = Assets.xcassets; sourceTree = "<group>"; };
		954981952423DF9D009A2CC4 /* Base */ = {isa = PBXFileReference; lastKnownFileType = file.storyboard; name = Base; path = Base.lproj/LaunchScreen.storyboard; sourceTree = "<group>"; };
		954981972423DF9D009A2CC4 /* Info.plist */ = {isa = PBXFileReference; lastKnownFileType = text.plist.xml; path = Info.plist; sourceTree = "<group>"; };
		CD4631BBEF238A7046410F65 /* Pods-OpenCV Demo.release.xcconfig */ = {isa = PBXFileReference; includeInIndex = 1; lastKnownFileType = text.xcconfig; name = "Pods-OpenCV Demo.release.xcconfig"; path = "Target Support Files/Pods-OpenCV Demo/Pods-OpenCV Demo.release.xcconfig"; sourceTree = "<group>"; };
		CE5E5793A1E3A8388BBC4AAD /* Pods_OpenCV_Demo.framework */ = {isa = PBXFileReference; explicitFileType = wrapper.framework; includeInIndex = 0; path = Pods_OpenCV_Demo.framework; sourceTree = BUILT_PRODUCTS_DIR; };
/* End PBXFileReference section */

/* Begin PBXFrameworksBuildPhase section */
		954981832423DF9A009A2CC4 /* Frameworks */ = {
			isa = PBXFrameworksBuildPhase;
			buildActionMask = 2147483647;
			files = (
				F22CDC67CF8FA2EED0E9A2AE /* Pods_OpenCV_Demo.framework in Frameworks */,
			);
			runOnlyForDeploymentPostprocessing = 0;
		};
/* End PBXFrameworksBuildPhase section */

/* Begin PBXGroup section */
		2059402E8A982B339CB8FC5E /* Pods */ = {
			isa = PBXGroup;
			children = (
				058313D22E117058D5764818 /* Pods-OpenCV Demo.debug.xcconfig */,
				CD4631BBEF238A7046410F65 /* Pods-OpenCV Demo.release.xcconfig */,
			);
			name = Pods;
			path = Pods;
			sourceTree = "<group>";
		};
		79B9CB970E62192A54003A7E /* Frameworks */ = {
			isa = PBXGroup;
			children = (
				CE5E5793A1E3A8388BBC4AAD /* Pods_OpenCV_Demo.framework */,
			);
			name = Frameworks;
			sourceTree = "<group>";
		};
		9549817D2423DF9A009A2CC4 = {
			isa = PBXGroup;
			children = (
				954981882423DF9A009A2CC4 /* OpenCV Demo */,
				954981872423DF9A009A2CC4 /* Products */,
				2059402E8A982B339CB8FC5E /* Pods */,
				79B9CB970E62192A54003A7E /* Frameworks */,
			);
			sourceTree = "<group>";
		};
		954981872423DF9A009A2CC4 /* Products */ = {
			isa = PBXGroup;
			children = (
				954981862423DF9A009A2CC4 /* OpenCV Demo.app */,
			);
			name = Products;
			sourceTree = "<group>";
		};
		954981882423DF9A009A2CC4 /* OpenCV Demo */ = {
			isa = PBXGroup;
			children = (
				954981892423DF9A009A2CC4 /* AppDelegate.swift */,
				9549818B2423DF9A009A2CC4 /* SceneDelegate.swift */,
				9549819D2423DFE1009A2CC4 /* Modules */,
				9549819E2423DFF3009A2CC4 /* Assets */,
			);
			path = "OpenCV Demo";
			sourceTree = "<group>";
		};
		9549819D2423DFE1009A2CC4 /* Modules */ = {
			isa = PBXGroup;
			children = (
				9549819F2423E009009A2CC4 /* PaperDetection */,
			);
			path = Modules;
			sourceTree = "<group>";
		};
		9549819E2423DFF3009A2CC4 /* Assets */ = {
			isa = PBXGroup;
			children = (
				954981922423DF9D009A2CC4 /* Assets.xcassets */,
				954981942423DF9D009A2CC4 /* LaunchScreen.storyboard */,
				954981972423DF9D009A2CC4 /* Info.plist */,
			);
			name = Assets;
			sourceTree = "<group>";
		};
		9549819F2423E009009A2CC4 /* PaperDetection */ = {
			isa = PBXGroup;
			children = (
				9549818D2423DF9A009A2CC4 /* PaperDetectionViewController.swift */,
				9549818F2423DF9A009A2CC4 /* PaperDetection.storyboard */,
			);
			path = PaperDetection;
			sourceTree = "<group>";
		};
/* End PBXGroup section */

/* Begin PBXNativeTarget section */
		954981852423DF9A009A2CC4 /* OpenCV Demo */ = {
			isa = PBXNativeTarget;
			buildConfigurationList = 9549819A2423DF9D009A2CC4 /* Build configuration list for PBXNativeTarget "OpenCV Demo" */;
			buildPhases = (
				D6D37EFBDFAC7BB7E85AAAB3 /* [CP] Check Pods Manifest.lock */,
				954981822423DF9A009A2CC4 /* Sources */,
				954981832423DF9A009A2CC4 /* Frameworks */,
				954981842423DF9A009A2CC4 /* Resources */,
			);
			buildRules = (
			);
			dependencies = (
			);
			name = "OpenCV Demo";
			productName = "OpenCV Demo";
			productReference = 954981862423DF9A009A2CC4 /* OpenCV Demo.app */;
			productType = "com.apple.product-type.application";
		};
/* End PBXNativeTarget section */

/* Begin PBXProject section */
		9549817E2423DF9A009A2CC4 /* Project object */ = {
			isa = PBXProject;
			attributes = {
				LastSwiftUpdateCheck = 1130;
				LastUpgradeCheck = 1130;
				ORGANIZATIONNAME = Shaker;
				TargetAttributes = {
					954981852423DF9A009A2CC4 = {
						CreatedOnToolsVersion = 11.3;
					};
				};
			};
			buildConfigurationList = 954981812423DF9A009A2CC4 /* Build configuration list for PBXProject "OpenCV Demo" */;
			compatibilityVersion = "Xcode 9.3";
			developmentRegion = en;
			hasScannedForEncodings = 0;
			knownRegions = (
				en,
				Base,
			);
			mainGroup = 9549817D2423DF9A009A2CC4;
			productRefGroup = 954981872423DF9A009A2CC4 /* Products */;
			projectDirPath = "";
			projectRoot = "";
			targets = (
				954981852423DF9A009A2CC4 /* OpenCV Demo */,
			);
		};
/* End PBXProject section */

/* Begin PBXResourcesBuildPhase section */
		954981842423DF9A009A2CC4 /* Resources */ = {
			isa = PBXResourcesBuildPhase;
			buildActionMask = 2147483647;
			files = (
				954981962423DF9D009A2CC4 /* LaunchScreen.storyboard in Resources */,
				954981932423DF9D009A2CC4 /* Assets.xcassets in Resources */,
				954981912423DF9A009A2CC4 /* PaperDetection.storyboard in Resources */,
			);
			runOnlyForDeploymentPostprocessing = 0;
		};
/* End PBXResourcesBuildPhase section */

/* Begin PBXShellScriptBuildPhase section */
		D6D37EFBDFAC7BB7E85AAAB3 /* [CP] Check Pods Manifest.lock */ = {
			isa = PBXShellScriptBuildPhase;
			buildActionMask = 2147483647;
			files = (
			);
			inputFileListPaths = (
			);
			inputPaths = (
				"${PODS_PODFILE_DIR_PATH}/Podfile.lock",
				"${PODS_ROOT}/Manifest.lock",
			);
			name = "[CP] Check Pods Manifest.lock";
			outputFileListPaths = (
			);
			outputPaths = (
				"$(DERIVED_FILE_DIR)/Pods-OpenCV Demo-checkManifestLockResult.txt",
			);
			runOnlyForDeploymentPostprocessing = 0;
			shellPath = /bin/sh;
			shellScript = "diff \"${PODS_PODFILE_DIR_PATH}/Podfile.lock\" \"${PODS_ROOT}/Manifest.lock\" > /dev/null\nif [ $? != 0 ] ; then\n    # print error to STDERR\n    echo \"error: The sandbox is not in sync with the Podfile.lock. Run 'pod install' or update your CocoaPods installation.\" >&2\n    exit 1\nfi\n# This output is used by Xcode 'outputs' to avoid re-running this script phase.\necho \"SUCCESS\" > \"${SCRIPT_OUTPUT_FILE_0}\"\n";
			showEnvVarsInLog = 0;
		};
/* End PBXShellScriptBuildPhase section */

/* Begin PBXSourcesBuildPhase section */
		954981822423DF9A009A2CC4 /* Sources */ = {
			isa = PBXSourcesBuildPhase;
			buildActionMask = 2147483647;
			files = (
				9549818E2423DF9A009A2CC4 /* PaperDetectionViewController.swift in Sources */,
				9549818A2423DF9A009A2CC4 /* AppDelegate.swift in Sources */,
				9549818C2423DF9A009A2CC4 /* SceneDelegate.swift in Sources */,
			);
			runOnlyForDeploymentPostprocessing = 0;
		};
/* End PBXSourcesBuildPhase section */

/* Begin PBXVariantGroup section */
		9549818F2423DF9A009A2CC4 /* PaperDetection.storyboard */ = {
			isa = PBXVariantGroup;
			children = (
				954981902423DF9A009A2CC4 /* Base */,
			);
			name = PaperDetection.storyboard;
			sourceTree = "<group>";
		};
		954981942423DF9D009A2CC4 /* LaunchScreen.storyboard */ = {
			isa = PBXVariantGroup;
			children = (
				954981952423DF9D009A2CC4 /* Base */,
			);
			name = LaunchScreen.storyboard;
			sourceTree = "<group>";
		};
/* End PBXVariantGroup section */

/* Begin XCBuildConfiguration section */
		954981982423DF9D009A2CC4 /* Debug */ = {
			isa = XCBuildConfiguration;
			buildSettings = {
				ALWAYS_SEARCH_USER_PATHS = NO;
				CLANG_ANALYZER_NONNULL = YES;
				CLANG_ANALYZER_NUMBER_OBJECT_CONVERSION = YES_AGGRESSIVE;
				CLANG_CXX_LANGUAGE_STANDARD = "gnu++14";
				CLANG_CXX_LIBRARY = "libc++";
				CLANG_ENABLE_MODULES = YES;
				CLANG_ENABLE_OBJC_ARC = YES;
				CLANG_ENABLE_OBJC_WEAK = YES;
				CLANG_WARN_BLOCK_CAPTURE_AUTORELEASING = YES;
				CLANG_WARN_BOOL_CONVERSION = YES;
				CLANG_WARN_COMMA = YES;
				CLANG_WARN_CONSTANT_CONVERSION = YES;
				CLANG_WARN_DEPRECATED_OBJC_IMPLEMENTATIONS = YES;
				CLANG_WARN_DIRECT_OBJC_ISA_USAGE = YES_ERROR;
				CLANG_WARN_DOCUMENTATION_COMMENTS = YES;
				CLANG_WARN_EMPTY_BODY = YES;
				CLANG_WARN_ENUM_CONVERSION = YES;
				CLANG_WARN_INFINITE_RECURSION = YES;
				CLANG_WARN_INT_CONVERSION = YES;
				CLANG_WARN_NON_LITERAL_NULL_CONVERSION = YES;
				CLANG_WARN_OBJC_IMPLICIT_RETAIN_SELF = YES;
				CLANG_WARN_OBJC_LITERAL_CONVERSION = YES;
				CLANG_WARN_OBJC_ROOT_CLASS = YES_ERROR;
				CLANG_WARN_RANGE_LOOP_ANALYSIS = YES;
				CLANG_WARN_STRICT_PROTOTYPES = YES;
				CLANG_WARN_SUSPICIOUS_MOVE = YES;
				CLANG_WARN_UNGUARDED_AVAILABILITY = YES_AGGRESSIVE;
				CLANG_WARN_UNREACHABLE_CODE = YES;
				CLANG_WARN__DUPLICATE_METHOD_MATCH = YES;
				COPY_PHASE_STRIP = NO;
				DEBUG_INFORMATION_FORMAT = dwarf;
				ENABLE_STRICT_OBJC_MSGSEND = YES;
				ENABLE_TESTABILITY = YES;
				GCC_C_LANGUAGE_STANDARD = gnu11;
				GCC_DYNAMIC_NO_PIC = NO;
				GCC_NO_COMMON_BLOCKS = YES;
				GCC_OPTIMIZATION_LEVEL = 0;
				GCC_PREPROCESSOR_DEFINITIONS = (
					"DEBUG=1",
					"$(inherited)",
				);
				GCC_WARN_64_TO_32_BIT_CONVERSION = YES;
				GCC_WARN_ABOUT_RETURN_TYPE = YES_ERROR;
				GCC_WARN_UNDECLARED_SELECTOR = YES;
				GCC_WARN_UNINITIALIZED_AUTOS = YES_AGGRESSIVE;
				GCC_WARN_UNUSED_FUNCTION = YES;
				GCC_WARN_UNUSED_VARIABLE = YES;
				IPHONEOS_DEPLOYMENT_TARGET = 13.2;
				MTL_ENABLE_DEBUG_INFO = INCLUDE_SOURCE;
				MTL_FAST_MATH = YES;
				ONLY_ACTIVE_ARCH = YES;
				SDKROOT = iphoneos;
				SWIFT_ACTIVE_COMPILATION_CONDITIONS = DEBUG;
				SWIFT_OPTIMIZATION_LEVEL = "-Onone";
			};
			name = Debug;
		};
		954981992423DF9D009A2CC4 /* Release */ = {
			isa = XCBuildConfiguration;
			buildSettings = {
				ALWAYS_SEARCH_USER_PATHS = NO;
				CLANG_ANALYZER_NONNULL = YES;
				CLANG_ANALYZER_NUMBER_OBJECT_CONVERSION = YES_AGGRESSIVE;
				CLANG_CXX_LANGUAGE_STANDARD = "gnu++14";
				CLANG_CXX_LIBRARY = "libc++";
				CLANG_ENABLE_MODULES = YES;
				CLANG_ENABLE_OBJC_ARC = YES;
				CLANG_ENABLE_OBJC_WEAK = YES;
				CLANG_WARN_BLOCK_CAPTURE_AUTORELEASING = YES;
				CLANG_WARN_BOOL_CONVERSION = YES;
				CLANG_WARN_COMMA = YES;
				CLANG_WARN_CONSTANT_CONVERSION = YES;
				CLANG_WARN_DEPRECATED_OBJC_IMPLEMENTATIONS = YES;
				CLANG_WARN_DIRECT_OBJC_ISA_USAGE = YES_ERROR;
				CLANG_WARN_DOCUMENTATION_COMMENTS = YES;
				CLANG_WARN_EMPTY_BODY = YES;
				CLANG_WARN_ENUM_CONVERSION = YES;
				CLANG_WARN_INFINITE_RECURSION = YES;
				CLANG_WARN_INT_CONVERSION = YES;
				CLANG_WARN_NON_LITERAL_NULL_CONVERSION = YES;
				CLANG_WARN_OBJC_IMPLICIT_RETAIN_SELF = YES;
				CLANG_WARN_OBJC_LITERAL_CONVERSION = YES;
				CLANG_WARN_OBJC_ROOT_CLASS = YES_ERROR;
				CLANG_WARN_RANGE_LOOP_ANALYSIS = YES;
				CLANG_WARN_STRICT_PROTOTYPES = YES;
				CLANG_WARN_SUSPICIOUS_MOVE = YES;
				CLANG_WARN_UNGUARDED_AVAILABILITY = YES_AGGRESSIVE;
				CLANG_WARN_UNREACHABLE_CODE = YES;
				CLANG_WARN__DUPLICATE_METHOD_MATCH = YES;
				COPY_PHASE_STRIP = NO;
				DEBUG_INFORMATION_FORMAT = "dwarf-with-dsym";
				ENABLE_NS_ASSERTIONS = NO;
				ENABLE_STRICT_OBJC_MSGSEND = YES;
				GCC_C_LANGUAGE_STANDARD = gnu11;
				GCC_NO_COMMON_BLOCKS = YES;
				GCC_WARN_64_TO_32_BIT_CONVERSION = YES;
				GCC_WARN_ABOUT_RETURN_TYPE = YES_ERROR;
				GCC_WARN_UNDECLARED_SELECTOR = YES;
				GCC_WARN_UNINITIALIZED_AUTOS = YES_AGGRESSIVE;
				GCC_WARN_UNUSED_FUNCTION = YES;
				GCC_WARN_UNUSED_VARIABLE = YES;
				IPHONEOS_DEPLOYMENT_TARGET = 13.2;
				MTL_ENABLE_DEBUG_INFO = NO;
				MTL_FAST_MATH = YES;
				SDKROOT = iphoneos;
				SWIFT_COMPILATION_MODE = wholemodule;
				SWIFT_OPTIMIZATION_LEVEL = "-O";
				VALIDATE_PRODUCT = YES;
			};
			name = Release;
		};
		9549819B2423DF9D009A2CC4 /* Debug */ = {
			isa = XCBuildConfiguration;
			baseConfigurationReference = 058313D22E117058D5764818 /* Pods-OpenCV Demo.debug.xcconfig */;
			buildSettings = {
				ASSETCATALOG_COMPILER_APPICON_NAME = AppIcon;
				CODE_SIGN_STYLE = Automatic;
				INFOPLIST_FILE = "OpenCV Demo/Info.plist";
				LD_RUNPATH_SEARCH_PATHS = (
					"$(inherited)",
					"@executable_path/Frameworks",
				);
				PRODUCT_BUNDLE_IDENTIFIER = "com.msm.voicenotedemo.OpenCV-Demo";
				PRODUCT_NAME = "$(TARGET_NAME)";
				SWIFT_VERSION = 5.0;
				TARGETED_DEVICE_FAMILY = 1;
			};
			name = Debug;
		};
		9549819C2423DF9D009A2CC4 /* Release */ = {
			isa = XCBuildConfiguration;
			baseConfigurationReference = CD4631BBEF238A7046410F65 /* Pods-OpenCV Demo.release.xcconfig */;
			buildSettings = {
				ASSETCATALOG_COMPILER_APPICON_NAME = AppIcon;
				CODE_SIGN_STYLE = Automatic;
				INFOPLIST_FILE = "OpenCV Demo/Info.plist";
				LD_RUNPATH_SEARCH_PATHS = (
					"$(inherited)",
					"@executable_path/Frameworks",
				);
				PRODUCT_BUNDLE_IDENTIFIER = "com.msm.voicenotedemo.OpenCV-Demo";
				PRODUCT_NAME = "$(TARGET_NAME)";
				SWIFT_VERSION = 5.0;
				TARGETED_DEVICE_FAMILY = 1;
			};
			name = Release;
		};
/* End XCBuildConfiguration section */

/* Begin XCConfigurationList section */
		954981812423DF9A009A2CC4 /* Build configuration list for PBXProject "OpenCV Demo" */ = {
			isa = XCConfigurationList;
			buildConfigurations = (
				954981982423DF9D009A2CC4 /* Debug */,
				954981992423DF9D009A2CC4 /* Release */,
			);
			defaultConfigurationIsVisible = 0;
			defaultConfigurationName = Release;
		};
		9549819A2423DF9D009A2CC4 /* Build configuration list for PBXNativeTarget "OpenCV Demo" */ = {
			isa = XCConfigurationList;
			buildConfigurations = (
				9549819B2423DF9D009A2CC4 /* Debug */,
				9549819C2423DF9D009A2CC4 /* Release */,
			);
			defaultConfigurationIsVisible = 0;
			defaultConfigurationName = Release;
		};
/* End XCConfigurationList section */
	};
	rootObject = 9549817E2423DF9A009A2CC4 /* Project object */;
}
